// !$*UTF8*$!
{
	archiveVersion = 1;
	classes = {
	};
	objectVersion = 56;
	objects = {

/* Begin PBXBuildFile section */
		1E1469D52A8A366D00B8EEC3 /* UIViewController+exts.swift in Sources */ = {isa = PBXBuildFile; fileRef = 1E1469D42A8A366D00B8EEC3 /* UIViewController+exts.swift */; };
		1E1469D72A8A390400B8EEC3 /* ThreadManager.swift in Sources */ = {isa = PBXBuildFile; fileRef = 1E1469D62A8A390400B8EEC3 /* ThreadManager.swift */; };
		1E1469D92A8A3DEC00B8EEC3 /* SeeMoreReusableView.swift in Sources */ = {isa = PBXBuildFile; fileRef = 1E1469D82A8A3DEC00B8EEC3 /* SeeMoreReusableView.swift */; };
		1E6277802A89490A0085AE04 /* MovieTrailerModel.swift in Sources */ = {isa = PBXBuildFile; fileRef = 1E62777F2A89490A0085AE04 /* MovieTrailerModel.swift */; };
		1E6277822A8949170085AE04 /* MovieModel.swift in Sources */ = {isa = PBXBuildFile; fileRef = 1E6277812A8949170085AE04 /* MovieModel.swift */; };
		1E6277862A89DA3F0085AE04 /* LoadingFooterReusableView.swift in Sources */ = {isa = PBXBuildFile; fileRef = 1E6277852A89DA3F0085AE04 /* LoadingFooterReusableView.swift */; };
		1EBAA9362A8781B3006E6C11 /* MovieAPIProtocol.swift in Sources */ = {isa = PBXBuildFile; fileRef = 1EBAA9352A8781B3006E6C11 /* MovieAPIProtocol.swift */; };
		1EBAA9382A87850C006E6C11 /* MovieListCell.swift in Sources */ = {isa = PBXBuildFile; fileRef = 1EBAA9372A87850C006E6C11 /* MovieListCell.swift */; };
		1EBAA93A2A87C316006E6C11 /* UIImageView+exts.swift in Sources */ = {isa = PBXBuildFile; fileRef = 1EBAA9392A87C316006E6C11 /* UIImageView+exts.swift */; };
		1EBAA93C2A87CF75006E6C11 /* String+exts.swift in Sources */ = {isa = PBXBuildFile; fileRef = 1EBAA93B2A87CF75006E6C11 /* String+exts.swift */; };
		1EBAA9442A87DBD2006E6C11 /* MovieDetailInterfaces.swift in Sources */ = {isa = PBXBuildFile; fileRef = 1EBAA93F2A87DBD2006E6C11 /* MovieDetailInterfaces.swift */; };
		1EBAA9452A87DBD2006E6C11 /* MovieDetailPresenter.swift in Sources */ = {isa = PBXBuildFile; fileRef = 1EBAA9402A87DBD2006E6C11 /* MovieDetailPresenter.swift */; };
		1EBAA9462A87DBD2006E6C11 /* MovieDetailViewController.swift in Sources */ = {isa = PBXBuildFile; fileRef = 1EBAA9412A87DBD2006E6C11 /* MovieDetailViewController.swift */; };
		1EBAA9472A87DBD2006E6C11 /* MovieDetailInteractor.swift in Sources */ = {isa = PBXBuildFile; fileRef = 1EBAA9422A87DBD2006E6C11 /* MovieDetailInteractor.swift */; };
		1EBAA9482A87DBD2006E6C11 /* MovieDetailWireframe.swift in Sources */ = {isa = PBXBuildFile; fileRef = 1EBAA9432A87DBD2006E6C11 /* MovieDetailWireframe.swift */; };
		1EBAA94B2A88491C006E6C11 /* GradientView.swift in Sources */ = {isa = PBXBuildFile; fileRef = 1EBAA94A2A88491C006E6C11 /* GradientView.swift */; };
		1EBAA94F2A886B3B006E6C11 /* MovieDetailCell.swift in Sources */ = {isa = PBXBuildFile; fileRef = 1EBAA94E2A886B3B006E6C11 /* MovieDetailCell.swift */; };
		1EBAA9512A886F0F006E6C11 /* MovieDetailModel.swift in Sources */ = {isa = PBXBuildFile; fileRef = 1EBAA9502A886F0F006E6C11 /* MovieDetailModel.swift */; };
		1EBAA9532A88A1EE006E6C11 /* UserReviewCell.swift in Sources */ = {isa = PBXBuildFile; fileRef = 1EBAA9522A88A1EE006E6C11 /* UserReviewCell.swift */; };
		1EBAA9552A88B163006E6C11 /* TMDBAPIResult.swift in Sources */ = {isa = PBXBuildFile; fileRef = 1EBAA9542A88B163006E6C11 /* TMDBAPIResult.swift */; };
		1EBAA9572A88B3AB006E6C11 /* UserReviewModel.swift in Sources */ = {isa = PBXBuildFile; fileRef = 1EBAA9562A88B3AB006E6C11 /* UserReviewModel.swift */; };
		1EBAA9592A88BBB6006E6C11 /* MovieListEndpoint.swift in Sources */ = {isa = PBXBuildFile; fileRef = 1EBAA9582A88BBB6006E6C11 /* MovieListEndpoint.swift */; };
		1EBAA95B2A88BBC7006E6C11 /* GenreEndpoint.swift in Sources */ = {isa = PBXBuildFile; fileRef = 1EBAA95A2A88BBC7006E6C11 /* GenreEndpoint.swift */; };
		1EBAA95E2A88C83B006E6C11 /* MovieDetailEndpoints.swift in Sources */ = {isa = PBXBuildFile; fileRef = 1EBAA95D2A88C83B006E6C11 /* MovieDetailEndpoints.swift */; };
		1EBAA9612A890D91006E6C11 /* SectionTitleReusableView.swift in Sources */ = {isa = PBXBuildFile; fileRef = 1EBAA9602A890D91006E6C11 /* SectionTitleReusableView.swift */; };
		1EBAA9652A892DC2006E6C11 /* MovieTrailerCell.swift in Sources */ = {isa = PBXBuildFile; fileRef = 1EBAA9642A892DC2006E6C11 /* MovieTrailerCell.swift */; };
		1EBAA9682A892E65006E6C11 /* YouTubeiOSPlayerHelper in Frameworks */ = {isa = PBXBuildFile; productRef = 1EBAA9672A892E65006E6C11 /* YouTubeiOSPlayerHelper */; };
		1EBBF9BC2A85CC27000891DE /* Assets.xcassets in Resources */ = {isa = PBXBuildFile; fileRef = 1EBBF9BB2A85CC27000891DE /* Assets.xcassets */; };
		1EBBF9BF2A85CC27000891DE /* LaunchScreen.storyboard in Resources */ = {isa = PBXBuildFile; fileRef = 1EBBF9BD2A85CC27000891DE /* LaunchScreen.storyboard */; };
		1EBBF9CA2A85CC27000891DE /* MovieAppTests.swift in Sources */ = {isa = PBXBuildFile; fileRef = 1EBBF9C92A85CC27000891DE /* MovieAppTests.swift */; };
		1EBBF9D42A85CC27000891DE /* MovieAppUITests.swift in Sources */ = {isa = PBXBuildFile; fileRef = 1EBBF9D32A85CC27000891DE /* MovieAppUITests.swift */; };
		1EBBF9D62A85CC27000891DE /* MovieAppUITestsLaunchTests.swift in Sources */ = {isa = PBXBuildFile; fileRef = 1EBBF9D52A85CC27000891DE /* MovieAppUITestsLaunchTests.swift */; };
		1EC9CC972A869BC300B337CE /* MovieListInterfaces.swift in Sources */ = {isa = PBXBuildFile; fileRef = 1EC9CC922A869BC300B337CE /* MovieListInterfaces.swift */; };
		1EC9CC982A869BC300B337CE /* MovieListPresenter.swift in Sources */ = {isa = PBXBuildFile; fileRef = 1EC9CC932A869BC300B337CE /* MovieListPresenter.swift */; };
		1EC9CC992A869BC300B337CE /* MovieListViewController.swift in Sources */ = {isa = PBXBuildFile; fileRef = 1EC9CC942A869BC300B337CE /* MovieListViewController.swift */; };
		1EC9CC9A2A869BC300B337CE /* MovieListInteractor.swift in Sources */ = {isa = PBXBuildFile; fileRef = 1EC9CC952A869BC300B337CE /* MovieListInteractor.swift */; };
		1EC9CC9B2A869BC300B337CE /* MovieListWireframe.swift in Sources */ = {isa = PBXBuildFile; fileRef = 1EC9CC962A869BC300B337CE /* MovieListWireframe.swift */; };
		1EC9CC9D2A869D4700B337CE /* MovieListModel.swift in Sources */ = {isa = PBXBuildFile; fileRef = 1EC9CC9C2A869D4700B337CE /* MovieListModel.swift */; };
		1EDE90A92A85CE40000C821F /* HomeInterfaces.swift in Sources */ = {isa = PBXBuildFile; fileRef = 1EDE90A42A85CE40000C821F /* HomeInterfaces.swift */; };
		1EDE90AA2A85CE40000C821F /* HomePresenter.swift in Sources */ = {isa = PBXBuildFile; fileRef = 1EDE90A52A85CE40000C821F /* HomePresenter.swift */; };
		1EDE90AB2A85CE40000C821F /* HomeViewController.swift in Sources */ = {isa = PBXBuildFile; fileRef = 1EDE90A62A85CE40000C821F /* HomeViewController.swift */; };
		1EDE90AC2A85CE40000C821F /* HomeInteractor.swift in Sources */ = {isa = PBXBuildFile; fileRef = 1EDE90A72A85CE40000C821F /* HomeInteractor.swift */; };
		1EDE90AD2A85CE40000C821F /* HomeWireframe.swift in Sources */ = {isa = PBXBuildFile; fileRef = 1EDE90A82A85CE40000C821F /* HomeWireframe.swift */; };
		1EDE90B42A85CEC5000C821F /* BaseWireframe.swift in Sources */ = {isa = PBXBuildFile; fileRef = 1EDE90AF2A85CEC5000C821F /* BaseWireframe.swift */; };
		1EDE90B52A85CEC5000C821F /* ViewInterface.swift in Sources */ = {isa = PBXBuildFile; fileRef = 1EDE90B02A85CEC5000C821F /* ViewInterface.swift */; };
		1EDE90B62A85CEC5000C821F /* PresenterInterface.swift in Sources */ = {isa = PBXBuildFile; fileRef = 1EDE90B12A85CEC5000C821F /* PresenterInterface.swift */; };
		1EDE90B72A85CEC5000C821F /* InteractorInterface.swift in Sources */ = {isa = PBXBuildFile; fileRef = 1EDE90B22A85CEC5000C821F /* InteractorInterface.swift */; };
		1EDE90B82A85CEC5000C821F /* FormatterInterface.swift in Sources */ = {isa = PBXBuildFile; fileRef = 1EDE90B32A85CEC5000C821F /* FormatterInterface.swift */; };
		1EDE90BB2A85D246000C821F /* HomeModel.swift in Sources */ = {isa = PBXBuildFile; fileRef = 1EDE90BA2A85D246000C821F /* HomeModel.swift */; };
		1EDE90BD2A85D34B000C821F /* SceneDelegate.swift in Sources */ = {isa = PBXBuildFile; fileRef = 1EDE90BC2A85D34B000C821F /* SceneDelegate.swift */; };
		1EDE90C02A85D431000C821F /* GenreListCell.swift in Sources */ = {isa = PBXBuildFile; fileRef = 1EDE90BF2A85D431000C821F /* GenreListCell.swift */; };
		1EDE90C22A85DC3A000C821F /* AppDelegate.swift in Sources */ = {isa = PBXBuildFile; fileRef = 1EDE90C12A85DC3A000C821F /* AppDelegate.swift */; };
		1EDE90C52A866707000C821F /* UICollectionView+exts.swift in Sources */ = {isa = PBXBuildFile; fileRef = 1EDE90C42A866707000C821F /* UICollectionView+exts.swift */; };
		1EDE90C82A867D8F000C821F /* NetworkService.swift in Sources */ = {isa = PBXBuildFile; fileRef = 1EDE90C72A867D8F000C821F /* NetworkService.swift */; };
		1EDE90CA2A868A11000C821F /* AppConstants.swift in Sources */ = {isa = PBXBuildFile; fileRef = 1EDE90C92A868A11000C821F /* AppConstants.swift */; };
/* End PBXBuildFile section */

/* Begin PBXContainerItemProxy section */
		1EBBF9C62A85CC27000891DE /* PBXContainerItemProxy */ = {
			isa = PBXContainerItemProxy;
			containerPortal = 1EBBF9A72A85CC26000891DE /* Project object */;
			proxyType = 1;
			remoteGlobalIDString = 1EBBF9AE2A85CC26000891DE;
			remoteInfo = MovieApp;
		};
		1EBBF9D02A85CC27000891DE /* PBXContainerItemProxy */ = {
			isa = PBXContainerItemProxy;
			containerPortal = 1EBBF9A72A85CC26000891DE /* Project object */;
			proxyType = 1;
			remoteGlobalIDString = 1EBBF9AE2A85CC26000891DE;
			remoteInfo = MovieApp;
		};
/* End PBXContainerItemProxy section */

/* Begin PBXFileReference section */
		1E1469D42A8A366D00B8EEC3 /* UIViewController+exts.swift */ = {isa = PBXFileReference; lastKnownFileType = sourcecode.swift; path = "UIViewController+exts.swift"; sourceTree = "<group>"; };
		1E1469D62A8A390400B8EEC3 /* ThreadManager.swift */ = {isa = PBXFileReference; lastKnownFileType = sourcecode.swift; path = ThreadManager.swift; sourceTree = "<group>"; };
		1E1469D82A8A3DEC00B8EEC3 /* SeeMoreReusableView.swift */ = {isa = PBXFileReference; lastKnownFileType = sourcecode.swift; path = SeeMoreReusableView.swift; sourceTree = "<group>"; };
		1E62777F2A89490A0085AE04 /* MovieTrailerModel.swift */ = {isa = PBXFileReference; lastKnownFileType = sourcecode.swift; path = MovieTrailerModel.swift; sourceTree = "<group>"; };
		1E6277812A8949170085AE04 /* MovieModel.swift */ = {isa = PBXFileReference; lastKnownFileType = sourcecode.swift; path = MovieModel.swift; sourceTree = "<group>"; };
		1E6277852A89DA3F0085AE04 /* LoadingFooterReusableView.swift */ = {isa = PBXFileReference; lastKnownFileType = sourcecode.swift; path = LoadingFooterReusableView.swift; sourceTree = "<group>"; };
		1EBAA9352A8781B3006E6C11 /* MovieAPIProtocol.swift */ = {isa = PBXFileReference; lastKnownFileType = sourcecode.swift; path = MovieAPIProtocol.swift; sourceTree = "<group>"; };
		1EBAA9372A87850C006E6C11 /* MovieListCell.swift */ = {isa = PBXFileReference; lastKnownFileType = sourcecode.swift; path = MovieListCell.swift; sourceTree = "<group>"; };
		1EBAA9392A87C316006E6C11 /* UIImageView+exts.swift */ = {isa = PBXFileReference; lastKnownFileType = sourcecode.swift; path = "UIImageView+exts.swift"; sourceTree = "<group>"; };
		1EBAA93B2A87CF75006E6C11 /* String+exts.swift */ = {isa = PBXFileReference; lastKnownFileType = sourcecode.swift; path = "String+exts.swift"; sourceTree = "<group>"; };
		1EBAA93F2A87DBD2006E6C11 /* MovieDetailInterfaces.swift */ = {isa = PBXFileReference; lastKnownFileType = sourcecode.swift; path = MovieDetailInterfaces.swift; sourceTree = "<group>"; };
		1EBAA9402A87DBD2006E6C11 /* MovieDetailPresenter.swift */ = {isa = PBXFileReference; lastKnownFileType = sourcecode.swift; path = MovieDetailPresenter.swift; sourceTree = "<group>"; };
		1EBAA9412A87DBD2006E6C11 /* MovieDetailViewController.swift */ = {isa = PBXFileReference; lastKnownFileType = sourcecode.swift; path = MovieDetailViewController.swift; sourceTree = "<group>"; };
		1EBAA9422A87DBD2006E6C11 /* MovieDetailInteractor.swift */ = {isa = PBXFileReference; lastKnownFileType = sourcecode.swift; path = MovieDetailInteractor.swift; sourceTree = "<group>"; };
		1EBAA9432A87DBD2006E6C11 /* MovieDetailWireframe.swift */ = {isa = PBXFileReference; lastKnownFileType = sourcecode.swift; path = MovieDetailWireframe.swift; sourceTree = "<group>"; };
		1EBAA94A2A88491C006E6C11 /* GradientView.swift */ = {isa = PBXFileReference; lastKnownFileType = sourcecode.swift; path = GradientView.swift; sourceTree = "<group>"; };
		1EBAA94E2A886B3B006E6C11 /* MovieDetailCell.swift */ = {isa = PBXFileReference; lastKnownFileType = sourcecode.swift; path = MovieDetailCell.swift; sourceTree = "<group>"; };
		1EBAA9502A886F0F006E6C11 /* MovieDetailModel.swift */ = {isa = PBXFileReference; lastKnownFileType = sourcecode.swift; path = MovieDetailModel.swift; sourceTree = "<group>"; };
		1EBAA9522A88A1EE006E6C11 /* UserReviewCell.swift */ = {isa = PBXFileReference; lastKnownFileType = sourcecode.swift; path = UserReviewCell.swift; sourceTree = "<group>"; };
		1EBAA9542A88B163006E6C11 /* TMDBAPIResult.swift */ = {isa = PBXFileReference; lastKnownFileType = sourcecode.swift; path = TMDBAPIResult.swift; sourceTree = "<group>"; };
		1EBAA9562A88B3AB006E6C11 /* UserReviewModel.swift */ = {isa = PBXFileReference; lastKnownFileType = sourcecode.swift; path = UserReviewModel.swift; sourceTree = "<group>"; };
		1EBAA9582A88BBB6006E6C11 /* MovieListEndpoint.swift */ = {isa = PBXFileReference; lastKnownFileType = sourcecode.swift; path = MovieListEndpoint.swift; sourceTree = "<group>"; };
		1EBAA95A2A88BBC7006E6C11 /* GenreEndpoint.swift */ = {isa = PBXFileReference; lastKnownFileType = sourcecode.swift; path = GenreEndpoint.swift; sourceTree = "<group>"; };
		1EBAA95D2A88C83B006E6C11 /* MovieDetailEndpoints.swift */ = {isa = PBXFileReference; lastKnownFileType = sourcecode.swift; path = MovieDetailEndpoints.swift; sourceTree = "<group>"; };
		1EBAA9602A890D91006E6C11 /* SectionTitleReusableView.swift */ = {isa = PBXFileReference; lastKnownFileType = sourcecode.swift; path = SectionTitleReusableView.swift; sourceTree = "<group>"; };
		1EBAA9642A892DC2006E6C11 /* MovieTrailerCell.swift */ = {isa = PBXFileReference; lastKnownFileType = sourcecode.swift; path = MovieTrailerCell.swift; sourceTree = "<group>"; };
		1EBBF9AF2A85CC26000891DE /* MovieApp.app */ = {isa = PBXFileReference; explicitFileType = wrapper.application; includeInIndex = 0; path = MovieApp.app; sourceTree = BUILT_PRODUCTS_DIR; };
		1EBBF9BB2A85CC27000891DE /* Assets.xcassets */ = {isa = PBXFileReference; lastKnownFileType = folder.assetcatalog; path = Assets.xcassets; sourceTree = "<group>"; };
		1EBBF9BE2A85CC27000891DE /* Base */ = {isa = PBXFileReference; lastKnownFileType = file.storyboard; name = Base; path = Base.lproj/LaunchScreen.storyboard; sourceTree = "<group>"; };
		1EBBF9C02A85CC27000891DE /* Info.plist */ = {isa = PBXFileReference; lastKnownFileType = text.plist.xml; path = Info.plist; sourceTree = "<group>"; };
		1EBBF9C52A85CC27000891DE /* MovieAppTests.xctest */ = {isa = PBXFileReference; explicitFileType = wrapper.cfbundle; includeInIndex = 0; path = MovieAppTests.xctest; sourceTree = BUILT_PRODUCTS_DIR; };
		1EBBF9C92A85CC27000891DE /* MovieAppTests.swift */ = {isa = PBXFileReference; lastKnownFileType = sourcecode.swift; path = MovieAppTests.swift; sourceTree = "<group>"; };
		1EBBF9CF2A85CC27000891DE /* MovieAppUITests.xctest */ = {isa = PBXFileReference; explicitFileType = wrapper.cfbundle; includeInIndex = 0; path = MovieAppUITests.xctest; sourceTree = BUILT_PRODUCTS_DIR; };
		1EBBF9D32A85CC27000891DE /* MovieAppUITests.swift */ = {isa = PBXFileReference; lastKnownFileType = sourcecode.swift; path = MovieAppUITests.swift; sourceTree = "<group>"; };
		1EBBF9D52A85CC27000891DE /* MovieAppUITestsLaunchTests.swift */ = {isa = PBXFileReference; lastKnownFileType = sourcecode.swift; path = MovieAppUITestsLaunchTests.swift; sourceTree = "<group>"; };
		1EC9CC922A869BC300B337CE /* MovieListInterfaces.swift */ = {isa = PBXFileReference; lastKnownFileType = sourcecode.swift; path = MovieListInterfaces.swift; sourceTree = "<group>"; };
		1EC9CC932A869BC300B337CE /* MovieListPresenter.swift */ = {isa = PBXFileReference; lastKnownFileType = sourcecode.swift; path = MovieListPresenter.swift; sourceTree = "<group>"; };
		1EC9CC942A869BC300B337CE /* MovieListViewController.swift */ = {isa = PBXFileReference; lastKnownFileType = sourcecode.swift; path = MovieListViewController.swift; sourceTree = "<group>"; };
		1EC9CC952A869BC300B337CE /* MovieListInteractor.swift */ = {isa = PBXFileReference; lastKnownFileType = sourcecode.swift; path = MovieListInteractor.swift; sourceTree = "<group>"; };
		1EC9CC962A869BC300B337CE /* MovieListWireframe.swift */ = {isa = PBXFileReference; lastKnownFileType = sourcecode.swift; path = MovieListWireframe.swift; sourceTree = "<group>"; };
		1EC9CC9C2A869D4700B337CE /* MovieListModel.swift */ = {isa = PBXFileReference; lastKnownFileType = sourcecode.swift; path = MovieListModel.swift; sourceTree = "<group>"; };
		1EDE90A42A85CE40000C821F /* HomeInterfaces.swift */ = {isa = PBXFileReference; lastKnownFileType = sourcecode.swift; path = HomeInterfaces.swift; sourceTree = "<group>"; };
		1EDE90A52A85CE40000C821F /* HomePresenter.swift */ = {isa = PBXFileReference; lastKnownFileType = sourcecode.swift; path = HomePresenter.swift; sourceTree = "<group>"; };
		1EDE90A62A85CE40000C821F /* HomeViewController.swift */ = {isa = PBXFileReference; lastKnownFileType = sourcecode.swift; path = HomeViewController.swift; sourceTree = "<group>"; };
		1EDE90A72A85CE40000C821F /* HomeInteractor.swift */ = {isa = PBXFileReference; lastKnownFileType = sourcecode.swift; path = HomeInteractor.swift; sourceTree = "<group>"; };
		1EDE90A82A85CE40000C821F /* HomeWireframe.swift */ = {isa = PBXFileReference; lastKnownFileType = sourcecode.swift; path = HomeWireframe.swift; sourceTree = "<group>"; };
		1EDE90AF2A85CEC5000C821F /* BaseWireframe.swift */ = {isa = PBXFileReference; fileEncoding = 4; lastKnownFileType = sourcecode.swift; path = BaseWireframe.swift; sourceTree = "<group>"; };
		1EDE90B02A85CEC5000C821F /* ViewInterface.swift */ = {isa = PBXFileReference; fileEncoding = 4; lastKnownFileType = sourcecode.swift; path = ViewInterface.swift; sourceTree = "<group>"; };
		1EDE90B12A85CEC5000C821F /* PresenterInterface.swift */ = {isa = PBXFileReference; fileEncoding = 4; lastKnownFileType = sourcecode.swift; path = PresenterInterface.swift; sourceTree = "<group>"; };
		1EDE90B22A85CEC5000C821F /* InteractorInterface.swift */ = {isa = PBXFileReference; fileEncoding = 4; lastKnownFileType = sourcecode.swift; path = InteractorInterface.swift; sourceTree = "<group>"; };
		1EDE90B32A85CEC5000C821F /* FormatterInterface.swift */ = {isa = PBXFileReference; fileEncoding = 4; lastKnownFileType = sourcecode.swift; path = FormatterInterface.swift; sourceTree = "<group>"; };
		1EDE90BA2A85D246000C821F /* HomeModel.swift */ = {isa = PBXFileReference; lastKnownFileType = sourcecode.swift; path = HomeModel.swift; sourceTree = "<group>"; };
		1EDE90BC2A85D34B000C821F /* SceneDelegate.swift */ = {isa = PBXFileReference; fileEncoding = 4; lastKnownFileType = sourcecode.swift; path = SceneDelegate.swift; sourceTree = "<group>"; };
		1EDE90BF2A85D431000C821F /* GenreListCell.swift */ = {isa = PBXFileReference; lastKnownFileType = sourcecode.swift; path = GenreListCell.swift; sourceTree = "<group>"; };
		1EDE90C12A85DC3A000C821F /* AppDelegate.swift */ = {isa = PBXFileReference; fileEncoding = 4; lastKnownFileType = sourcecode.swift; path = AppDelegate.swift; sourceTree = "<group>"; };
		1EDE90C42A866707000C821F /* UICollectionView+exts.swift */ = {isa = PBXFileReference; lastKnownFileType = sourcecode.swift; path = "UICollectionView+exts.swift"; sourceTree = "<group>"; };
		1EDE90C72A867D8F000C821F /* NetworkService.swift */ = {isa = PBXFileReference; lastKnownFileType = sourcecode.swift; path = NetworkService.swift; sourceTree = "<group>"; };
		1EDE90C92A868A11000C821F /* AppConstants.swift */ = {isa = PBXFileReference; lastKnownFileType = sourcecode.swift; path = AppConstants.swift; sourceTree = "<group>"; };
/* End PBXFileReference section */

/* Begin PBXFrameworksBuildPhase section */
		1EBBF9AC2A85CC26000891DE /* Frameworks */ = {
			isa = PBXFrameworksBuildPhase;
			buildActionMask = 2147483647;
			files = (
				1EBAA9682A892E65006E6C11 /* YouTubeiOSPlayerHelper in Frameworks */,
			);
			runOnlyForDeploymentPostprocessing = 0;
		};
		1EBBF9C22A85CC27000891DE /* Frameworks */ = {
			isa = PBXFrameworksBuildPhase;
			buildActionMask = 2147483647;
			files = (
			);
			runOnlyForDeploymentPostprocessing = 0;
		};
		1EBBF9CC2A85CC27000891DE /* Frameworks */ = {
			isa = PBXFrameworksBuildPhase;
			buildActionMask = 2147483647;
			files = (
			);
			runOnlyForDeploymentPostprocessing = 0;
		};
/* End PBXFrameworksBuildPhase section */

/* Begin PBXGroup section */
		1EBAA93D2A87D6B0006E6C11 /* Extensions */ = {
			isa = PBXGroup;
			children = (
				1EDE90C42A866707000C821F /* UICollectionView+exts.swift */,
				1EBAA9392A87C316006E6C11 /* UIImageView+exts.swift */,
				1EBAA93B2A87CF75006E6C11 /* String+exts.swift */,
				1E1469D42A8A366D00B8EEC3 /* UIViewController+exts.swift */,
			);
			path = Extensions;
			sourceTree = "<group>";
		};
		1EBAA93E2A87DA93006E6C11 /* MovieDetail */ = {
			isa = PBXGroup;
			children = (
				1EBAA93F2A87DBD2006E6C11 /* MovieDetailInterfaces.swift */,
				1EBAA9402A87DBD2006E6C11 /* MovieDetailPresenter.swift */,
				1EBAA9412A87DBD2006E6C11 /* MovieDetailViewController.swift */,
				1EBAA9422A87DBD2006E6C11 /* MovieDetailInteractor.swift */,
				1EBAA9432A87DBD2006E6C11 /* MovieDetailWireframe.swift */,
			);
			path = MovieDetail;
			sourceTree = "<group>";
		};
		1EBAA9492A88490D006E6C11 /* UIImageView */ = {
			isa = PBXGroup;
			children = (
				1EBAA94A2A88491C006E6C11 /* GradientView.swift */,
			);
			path = UIImageView;
			sourceTree = "<group>";
		};
		1EBAA95C2A88C829006E6C11 /* Endpoints */ = {
			isa = PBXGroup;
			children = (
				1EBAA9582A88BBB6006E6C11 /* MovieListEndpoint.swift */,
				1EBAA95A2A88BBC7006E6C11 /* GenreEndpoint.swift */,
				1EBAA95D2A88C83B006E6C11 /* MovieDetailEndpoints.swift */,
			);
			path = Endpoints;
			sourceTree = "<group>";
		};
		1EBAA95F2A890D82006E6C11 /* UIView */ = {
			isa = PBXGroup;
			children = (
				1EBAA9602A890D91006E6C11 /* SectionTitleReusableView.swift */,
				1E6277852A89DA3F0085AE04 /* LoadingFooterReusableView.swift */,
				1E1469D82A8A3DEC00B8EEC3 /* SeeMoreReusableView.swift */,
			);
			path = UIView;
			sourceTree = "<group>";
		};
		1EBBF9A62A85CC26000891DE = {
			isa = PBXGroup;
			children = (
				1EBBF9B12A85CC26000891DE /* MovieApp */,
				1EBBF9C82A85CC27000891DE /* MovieAppTests */,
				1EBBF9D22A85CC27000891DE /* MovieAppUITests */,
				1EBBF9B02A85CC26000891DE /* Products */,
			);
			sourceTree = "<group>";
		};
		1EBBF9B02A85CC26000891DE /* Products */ = {
			isa = PBXGroup;
			children = (
				1EBBF9AF2A85CC26000891DE /* MovieApp.app */,
				1EBBF9C52A85CC27000891DE /* MovieAppTests.xctest */,
				1EBBF9CF2A85CC27000891DE /* MovieAppUITests.xctest */,
			);
			name = Products;
			sourceTree = "<group>";
		};
		1EBBF9B12A85CC26000891DE /* MovieApp */ = {
			isa = PBXGroup;
			children = (
				1EDE90BC2A85D34B000C821F /* SceneDelegate.swift */,
				1EDE90C12A85DC3A000C821F /* AppDelegate.swift */,
				1EDE90C32A8666FB000C821F /* Utils */,
				1EBAA9492A88490D006E6C11 /* UIImageView */,
				1EDE90BE2A85D41A000C821F /* CellViews */,
				1EDE90B92A85D23B000C821F /* Models */,
				1EDE90A32A85CE2F000C821F /* Home */,
				1EC9CC912A869BA100B337CE /* MovieList */,
				1EBAA93E2A87DA93006E6C11 /* MovieDetail */,
				1EBBF9BB2A85CC27000891DE /* Assets.xcassets */,
				1EBBF9BD2A85CC27000891DE /* LaunchScreen.storyboard */,
				1EBBF9C02A85CC27000891DE /* Info.plist */,
			);
			path = MovieApp;
			sourceTree = "<group>";
		};
		1EBBF9C82A85CC27000891DE /* MovieAppTests */ = {
			isa = PBXGroup;
			children = (
				1EBBF9C92A85CC27000891DE /* MovieAppTests.swift */,
			);
			path = MovieAppTests;
			sourceTree = "<group>";
		};
		1EBBF9D22A85CC27000891DE /* MovieAppUITests */ = {
			isa = PBXGroup;
			children = (
				1EBBF9D32A85CC27000891DE /* MovieAppUITests.swift */,
				1EBBF9D52A85CC27000891DE /* MovieAppUITestsLaunchTests.swift */,
			);
			path = MovieAppUITests;
			sourceTree = "<group>";
		};
		1EC9CC912A869BA100B337CE /* MovieList */ = {
			isa = PBXGroup;
			children = (
				1EC9CC922A869BC300B337CE /* MovieListInterfaces.swift */,
				1EC9CC932A869BC300B337CE /* MovieListPresenter.swift */,
				1EC9CC942A869BC300B337CE /* MovieListViewController.swift */,
				1EC9CC952A869BC300B337CE /* MovieListInteractor.swift */,
				1EC9CC962A869BC300B337CE /* MovieListWireframe.swift */,
			);
			path = MovieList;
			sourceTree = "<group>";
		};
		1EDE90A32A85CE2F000C821F /* Home */ = {
			isa = PBXGroup;
			children = (
				1EDE90A42A85CE40000C821F /* HomeInterfaces.swift */,
				1EDE90A52A85CE40000C821F /* HomePresenter.swift */,
				1EDE90A62A85CE40000C821F /* HomeViewController.swift */,
				1EDE90A72A85CE40000C821F /* HomeInteractor.swift */,
				1EDE90A82A85CE40000C821F /* HomeWireframe.swift */,
			);
			path = Home;
			sourceTree = "<group>";
		};
		1EDE90AE2A85CEB7000C821F /* VIPERBase */ = {
			isa = PBXGroup;
			children = (
				1EDE90AF2A85CEC5000C821F /* BaseWireframe.swift */,
				1EDE90B32A85CEC5000C821F /* FormatterInterface.swift */,
				1EDE90B22A85CEC5000C821F /* InteractorInterface.swift */,
				1EDE90B12A85CEC5000C821F /* PresenterInterface.swift */,
				1EDE90B02A85CEC5000C821F /* ViewInterface.swift */,
			);
			path = VIPERBase;
			sourceTree = "<group>";
		};
		1EDE90B92A85D23B000C821F /* Models */ = {
			isa = PBXGroup;
			children = (
				1EBAA95C2A88C829006E6C11 /* Endpoints */,
				1EBAA9542A88B163006E6C11 /* TMDBAPIResult.swift */,
				1EDE90BA2A85D246000C821F /* HomeModel.swift */,
				1EC9CC9C2A869D4700B337CE /* MovieListModel.swift */,
				1EBAA9502A886F0F006E6C11 /* MovieDetailModel.swift */,
				1EBAA9352A8781B3006E6C11 /* MovieAPIProtocol.swift */,
				1EBAA9562A88B3AB006E6C11 /* UserReviewModel.swift */,
				1E62777F2A89490A0085AE04 /* MovieTrailerModel.swift */,
				1E6277812A8949170085AE04 /* MovieModel.swift */,
			);
			path = Models;
			sourceTree = "<group>";
		};
		1EDE90BE2A85D41A000C821F /* CellViews */ = {
			isa = PBXGroup;
			children = (
				1EDE90BF2A85D431000C821F /* GenreListCell.swift */,
				1EBAA9372A87850C006E6C11 /* MovieListCell.swift */,
				1EBAA94E2A886B3B006E6C11 /* MovieDetailCell.swift */,
				1EBAA9522A88A1EE006E6C11 /* UserReviewCell.swift */,
				1EBAA9642A892DC2006E6C11 /* MovieTrailerCell.swift */,
			);
			path = CellViews;
			sourceTree = "<group>";
		};
		1EDE90C32A8666FB000C821F /* Utils */ = {
			isa = PBXGroup;
			children = (
				1EBAA95F2A890D82006E6C11 /* UIView */,
				1EDE90C92A868A11000C821F /* AppConstants.swift */,
				1E1469D62A8A390400B8EEC3 /* ThreadManager.swift */,
				1EDE90AE2A85CEB7000C821F /* VIPERBase */,
				1EBAA93D2A87D6B0006E6C11 /* Extensions */,
				1EDE90C62A867D84000C821F /* NetworkService */,
			);
			path = Utils;
			sourceTree = "<group>";
		};
		1EDE90C62A867D84000C821F /* NetworkService */ = {
			isa = PBXGroup;
			children = (
				1EDE90C72A867D8F000C821F /* NetworkService.swift */,
			);
			path = NetworkService;
			sourceTree = "<group>";
		};
/* End PBXGroup section */

/* Begin PBXNativeTarget section */
		1EBBF9AE2A85CC26000891DE /* MovieApp */ = {
			isa = PBXNativeTarget;
			buildConfigurationList = 1EBBF9D92A85CC27000891DE /* Build configuration list for PBXNativeTarget "MovieApp" */;
			buildPhases = (
				1EBBF9AB2A85CC26000891DE /* Sources */,
				1EBBF9AC2A85CC26000891DE /* Frameworks */,
				1EBBF9AD2A85CC26000891DE /* Resources */,
			);
			buildRules = (
			);
			dependencies = (
			);
			name = MovieApp;
			packageProductDependencies = (
				1EBAA9672A892E65006E6C11 /* YouTubeiOSPlayerHelper */,
			);
			productName = MovieApp;
			productReference = 1EBBF9AF2A85CC26000891DE /* MovieApp.app */;
			productType = "com.apple.product-type.application";
		};
		1EBBF9C42A85CC27000891DE /* MovieAppTests */ = {
			isa = PBXNativeTarget;
			buildConfigurationList = 1EBBF9DC2A85CC27000891DE /* Build configuration list for PBXNativeTarget "MovieAppTests" */;
			buildPhases = (
				1EBBF9C12A85CC27000891DE /* Sources */,
				1EBBF9C22A85CC27000891DE /* Frameworks */,
				1EBBF9C32A85CC27000891DE /* Resources */,
			);
			buildRules = (
			);
			dependencies = (
				1EBBF9C72A85CC27000891DE /* PBXTargetDependency */,
			);
			name = MovieAppTests;
			productName = MovieAppTests;
			productReference = 1EBBF9C52A85CC27000891DE /* MovieAppTests.xctest */;
			productType = "com.apple.product-type.bundle.unit-test";
		};
		1EBBF9CE2A85CC27000891DE /* MovieAppUITests */ = {
			isa = PBXNativeTarget;
			buildConfigurationList = 1EBBF9DF2A85CC27000891DE /* Build configuration list for PBXNativeTarget "MovieAppUITests" */;
			buildPhases = (
				1EBBF9CB2A85CC27000891DE /* Sources */,
				1EBBF9CC2A85CC27000891DE /* Frameworks */,
				1EBBF9CD2A85CC27000891DE /* Resources */,
			);
			buildRules = (
			);
			dependencies = (
				1EBBF9D12A85CC27000891DE /* PBXTargetDependency */,
			);
			name = MovieAppUITests;
			productName = MovieAppUITests;
			productReference = 1EBBF9CF2A85CC27000891DE /* MovieAppUITests.xctest */;
			productType = "com.apple.product-type.bundle.ui-testing";
		};
/* End PBXNativeTarget section */

/* Begin PBXProject section */
		1EBBF9A72A85CC26000891DE /* Project object */ = {
			isa = PBXProject;
			attributes = {
				BuildIndependentTargetsInParallel = 1;
				LastSwiftUpdateCheck = 1430;
				LastUpgradeCheck = 1430;
				TargetAttributes = {
					1EBBF9AE2A85CC26000891DE = {
						CreatedOnToolsVersion = 14.3.1;
					};
					1EBBF9C42A85CC27000891DE = {
						CreatedOnToolsVersion = 14.3.1;
						TestTargetID = 1EBBF9AE2A85CC26000891DE;
					};
					1EBBF9CE2A85CC27000891DE = {
						CreatedOnToolsVersion = 14.3.1;
						TestTargetID = 1EBBF9AE2A85CC26000891DE;
					};
				};
			};
			buildConfigurationList = 1EBBF9AA2A85CC26000891DE /* Build configuration list for PBXProject "MovieApp" */;
			compatibilityVersion = "Xcode 14.0";
			developmentRegion = en;
			hasScannedForEncodings = 0;
			knownRegions = (
				en,
				Base,
			);
			mainGroup = 1EBBF9A62A85CC26000891DE;
			packageReferences = (
				1EBAA9662A892E65006E6C11 /* XCRemoteSwiftPackageReference "youtube-ios-player-helper" */,
			);
			productRefGroup = 1EBBF9B02A85CC26000891DE /* Products */;
			projectDirPath = "";
			projectRoot = "";
			targets = (
				1EBBF9AE2A85CC26000891DE /* MovieApp */,
				1EBBF9C42A85CC27000891DE /* MovieAppTests */,
				1EBBF9CE2A85CC27000891DE /* MovieAppUITests */,
			);
		};
/* End PBXProject section */

/* Begin PBXResourcesBuildPhase section */
		1EBBF9AD2A85CC26000891DE /* Resources */ = {
			isa = PBXResourcesBuildPhase;
			buildActionMask = 2147483647;
			files = (
				1EBBF9BF2A85CC27000891DE /* LaunchScreen.storyboard in Resources */,
				1EBBF9BC2A85CC27000891DE /* Assets.xcassets in Resources */,
			);
			runOnlyForDeploymentPostprocessing = 0;
		};
		1EBBF9C32A85CC27000891DE /* Resources */ = {
			isa = PBXResourcesBuildPhase;
			buildActionMask = 2147483647;
			files = (
			);
			runOnlyForDeploymentPostprocessing = 0;
		};
		1EBBF9CD2A85CC27000891DE /* Resources */ = {
			isa = PBXResourcesBuildPhase;
			buildActionMask = 2147483647;
			files = (
			);
			runOnlyForDeploymentPostprocessing = 0;
		};
/* End PBXResourcesBuildPhase section */

/* Begin PBXSourcesBuildPhase section */
		1EBBF9AB2A85CC26000891DE /* Sources */ = {
			isa = PBXSourcesBuildPhase;
			buildActionMask = 2147483647;
			files = (
				1EBAA9612A890D91006E6C11 /* SectionTitleReusableView.swift in Sources */,
				1E1469D72A8A390400B8EEC3 /* ThreadManager.swift in Sources */,
				1E6277862A89DA3F0085AE04 /* LoadingFooterReusableView.swift in Sources */,
				1EDE90B82A85CEC5000C821F /* FormatterInterface.swift in Sources */,
				1EC9CC9A2A869BC300B337CE /* MovieListInteractor.swift in Sources */,
				1E1469D52A8A366D00B8EEC3 /* UIViewController+exts.swift in Sources */,
				1EBAA94B2A88491C006E6C11 /* GradientView.swift in Sources */,
				1EBAA9452A87DBD2006E6C11 /* MovieDetailPresenter.swift in Sources */,
				1EBAA93A2A87C316006E6C11 /* UIImageView+exts.swift in Sources */,
				1EC9CC9D2A869D4700B337CE /* MovieListModel.swift in Sources */,
				1EDE90CA2A868A11000C821F /* AppConstants.swift in Sources */,
				1EBAA9442A87DBD2006E6C11 /* MovieDetailInterfaces.swift in Sources */,
				1EBAA95B2A88BBC7006E6C11 /* GenreEndpoint.swift in Sources */,
				1EC9CC972A869BC300B337CE /* MovieListInterfaces.swift in Sources */,
				1EDE90C52A866707000C821F /* UICollectionView+exts.swift in Sources */,
				1EDE90B72A85CEC5000C821F /* InteractorInterface.swift in Sources */,
				1EBAA9482A87DBD2006E6C11 /* MovieDetailWireframe.swift in Sources */,
				1EBAA9532A88A1EE006E6C11 /* UserReviewCell.swift in Sources */,
				1EDE90AB2A85CE40000C821F /* HomeViewController.swift in Sources */,
				1EC9CC982A869BC300B337CE /* MovieListPresenter.swift in Sources */,
				1EDE90A92A85CE40000C821F /* HomeInterfaces.swift in Sources */,
				1EBAA9592A88BBB6006E6C11 /* MovieListEndpoint.swift in Sources */,
				1EC9CC9B2A869BC300B337CE /* MovieListWireframe.swift in Sources */,
				1EDE90C22A85DC3A000C821F /* AppDelegate.swift in Sources */,
				1EBAA9572A88B3AB006E6C11 /* UserReviewModel.swift in Sources */,
				1EDE90B42A85CEC5000C821F /* BaseWireframe.swift in Sources */,
				1E1469D92A8A3DEC00B8EEC3 /* SeeMoreReusableView.swift in Sources */,
				1EBAA9462A87DBD2006E6C11 /* MovieDetailViewController.swift in Sources */,
				1EBAA94F2A886B3B006E6C11 /* MovieDetailCell.swift in Sources */,
				1EDE90B62A85CEC5000C821F /* PresenterInterface.swift in Sources */,
				1E6277802A89490A0085AE04 /* MovieTrailerModel.swift in Sources */,
				1E6277822A8949170085AE04 /* MovieModel.swift in Sources */,
				1EBAA9472A87DBD2006E6C11 /* MovieDetailInteractor.swift in Sources */,
				1EC9CC992A869BC300B337CE /* MovieListViewController.swift in Sources */,
				1EDE90B52A85CEC5000C821F /* ViewInterface.swift in Sources */,
				1EBAA93C2A87CF75006E6C11 /* String+exts.swift in Sources */,
				1EDE90AD2A85CE40000C821F /* HomeWireframe.swift in Sources */,
				1EBAA9552A88B163006E6C11 /* TMDBAPIResult.swift in Sources */,
				1EBAA9652A892DC2006E6C11 /* MovieTrailerCell.swift in Sources */,
				1EDE90C82A867D8F000C821F /* NetworkService.swift in Sources */,
				1EBAA95E2A88C83B006E6C11 /* MovieDetailEndpoints.swift in Sources */,
				1EDE90BD2A85D34B000C821F /* SceneDelegate.swift in Sources */,
				1EDE90BB2A85D246000C821F /* HomeModel.swift in Sources */,
				1EBAA9382A87850C006E6C11 /* MovieListCell.swift in Sources */,
				1EDE90AC2A85CE40000C821F /* HomeInteractor.swift in Sources */,
				1EBAA9362A8781B3006E6C11 /* MovieAPIProtocol.swift in Sources */,
				1EDE90C02A85D431000C821F /* GenreListCell.swift in Sources */,
				1EDE90AA2A85CE40000C821F /* HomePresenter.swift in Sources */,
				1EBAA9512A886F0F006E6C11 /* MovieDetailModel.swift in Sources */,
			);
			runOnlyForDeploymentPostprocessing = 0;
		};
		1EBBF9C12A85CC27000891DE /* Sources */ = {
			isa = PBXSourcesBuildPhase;
			buildActionMask = 2147483647;
			files = (
				1EBBF9CA2A85CC27000891DE /* MovieAppTests.swift in Sources */,
			);
			runOnlyForDeploymentPostprocessing = 0;
		};
		1EBBF9CB2A85CC27000891DE /* Sources */ = {
			isa = PBXSourcesBuildPhase;
			buildActionMask = 2147483647;
			files = (
				1EBBF9D62A85CC27000891DE /* MovieAppUITestsLaunchTests.swift in Sources */,
				1EBBF9D42A85CC27000891DE /* MovieAppUITests.swift in Sources */,
			);
			runOnlyForDeploymentPostprocessing = 0;
		};
/* End PBXSourcesBuildPhase section */

/* Begin PBXTargetDependency section */
		1EBBF9C72A85CC27000891DE /* PBXTargetDependency */ = {
			isa = PBXTargetDependency;
			target = 1EBBF9AE2A85CC26000891DE /* MovieApp */;
			targetProxy = 1EBBF9C62A85CC27000891DE /* PBXContainerItemProxy */;
		};
		1EBBF9D12A85CC27000891DE /* PBXTargetDependency */ = {
			isa = PBXTargetDependency;
			target = 1EBBF9AE2A85CC26000891DE /* MovieApp */;
			targetProxy = 1EBBF9D02A85CC27000891DE /* PBXContainerItemProxy */;
		};
/* End PBXTargetDependency section */

/* Begin PBXVariantGroup section */
		1EBBF9BD2A85CC27000891DE /* LaunchScreen.storyboard */ = {
			isa = PBXVariantGroup;
			children = (
				1EBBF9BE2A85CC27000891DE /* Base */,
			);
			name = LaunchScreen.storyboard;
			sourceTree = "<group>";
		};
/* End PBXVariantGroup section */

/* Begin XCBuildConfiguration section */
		1EBBF9D72A85CC27000891DE /* Debug */ = {
			isa = XCBuildConfiguration;
			buildSettings = {
				ALWAYS_SEARCH_USER_PATHS = NO;
				CLANG_ANALYZER_NONNULL = YES;
				CLANG_ANALYZER_NUMBER_OBJECT_CONVERSION = YES_AGGRESSIVE;
				CLANG_CXX_LANGUAGE_STANDARD = "gnu++20";
				CLANG_ENABLE_MODULES = YES;
				CLANG_ENABLE_OBJC_ARC = YES;
				CLANG_ENABLE_OBJC_WEAK = YES;
				CLANG_WARN_BLOCK_CAPTURE_AUTORELEASING = YES;
				CLANG_WARN_BOOL_CONVERSION = YES;
				CLANG_WARN_COMMA = YES;
				CLANG_WARN_CONSTANT_CONVERSION = YES;
				CLANG_WARN_DEPRECATED_OBJC_IMPLEMENTATIONS = YES;
				CLANG_WARN_DIRECT_OBJC_ISA_USAGE = YES_ERROR;
				CLANG_WARN_DOCUMENTATION_COMMENTS = YES;
				CLANG_WARN_EMPTY_BODY = YES;
				CLANG_WARN_ENUM_CONVERSION = YES;
				CLANG_WARN_INFINITE_RECURSION = YES;
				CLANG_WARN_INT_CONVERSION = YES;
				CLANG_WARN_NON_LITERAL_NULL_CONVERSION = YES;
				CLANG_WARN_OBJC_IMPLICIT_RETAIN_SELF = YES;
				CLANG_WARN_OBJC_LITERAL_CONVERSION = YES;
				CLANG_WARN_OBJC_ROOT_CLASS = YES_ERROR;
				CLANG_WARN_QUOTED_INCLUDE_IN_FRAMEWORK_HEADER = YES;
				CLANG_WARN_RANGE_LOOP_ANALYSIS = YES;
				CLANG_WARN_STRICT_PROTOTYPES = YES;
				CLANG_WARN_SUSPICIOUS_MOVE = YES;
				CLANG_WARN_UNGUARDED_AVAILABILITY = YES_AGGRESSIVE;
				CLANG_WARN_UNREACHABLE_CODE = YES;
				CLANG_WARN__DUPLICATE_METHOD_MATCH = YES;
				COPY_PHASE_STRIP = NO;
				DEBUG_INFORMATION_FORMAT = dwarf;
				ENABLE_STRICT_OBJC_MSGSEND = YES;
				ENABLE_TESTABILITY = YES;
				GCC_C_LANGUAGE_STANDARD = gnu11;
				GCC_DYNAMIC_NO_PIC = NO;
				GCC_NO_COMMON_BLOCKS = YES;
				GCC_OPTIMIZATION_LEVEL = 0;
				GCC_PREPROCESSOR_DEFINITIONS = (
					"DEBUG=1",
					"$(inherited)",
				);
				GCC_WARN_64_TO_32_BIT_CONVERSION = YES;
				GCC_WARN_ABOUT_RETURN_TYPE = YES_ERROR;
				GCC_WARN_UNDECLARED_SELECTOR = YES;
				GCC_WARN_UNINITIALIZED_AUTOS = YES_AGGRESSIVE;
				GCC_WARN_UNUSED_FUNCTION = YES;
				GCC_WARN_UNUSED_VARIABLE = YES;
				IPHONEOS_DEPLOYMENT_TARGET = 16.4;
				MTL_ENABLE_DEBUG_INFO = INCLUDE_SOURCE;
				MTL_FAST_MATH = YES;
				ONLY_ACTIVE_ARCH = YES;
				SDKROOT = iphoneos;
				SWIFT_ACTIVE_COMPILATION_CONDITIONS = DEBUG;
				SWIFT_OPTIMIZATION_LEVEL = "-Onone";
			};
			name = Debug;
		};
		1EBBF9D82A85CC27000891DE /* Release */ = {
			isa = XCBuildConfiguration;
			buildSettings = {
				ALWAYS_SEARCH_USER_PATHS = NO;
				CLANG_ANALYZER_NONNULL = YES;
				CLANG_ANALYZER_NUMBER_OBJECT_CONVERSION = YES_AGGRESSIVE;
				CLANG_CXX_LANGUAGE_STANDARD = "gnu++20";
				CLANG_ENABLE_MODULES = YES;
				CLANG_ENABLE_OBJC_ARC = YES;
				CLANG_ENABLE_OBJC_WEAK = YES;
				CLANG_WARN_BLOCK_CAPTURE_AUTORELEASING = YES;
				CLANG_WARN_BOOL_CONVERSION = YES;
				CLANG_WARN_COMMA = YES;
				CLANG_WARN_CONSTANT_CONVERSION = YES;
				CLANG_WARN_DEPRECATED_OBJC_IMPLEMENTATIONS = YES;
				CLANG_WARN_DIRECT_OBJC_ISA_USAGE = YES_ERROR;
				CLANG_WARN_DOCUMENTATION_COMMENTS = YES;
				CLANG_WARN_EMPTY_BODY = YES;
				CLANG_WARN_ENUM_CONVERSION = YES;
				CLANG_WARN_INFINITE_RECURSION = YES;
				CLANG_WARN_INT_CONVERSION = YES;
				CLANG_WARN_NON_LITERAL_NULL_CONVERSION = YES;
				CLANG_WARN_OBJC_IMPLICIT_RETAIN_SELF = YES;
				CLANG_WARN_OBJC_LITERAL_CONVERSION = YES;
				CLANG_WARN_OBJC_ROOT_CLASS = YES_ERROR;
				CLANG_WARN_QUOTED_INCLUDE_IN_FRAMEWORK_HEADER = YES;
				CLANG_WARN_RANGE_LOOP_ANALYSIS = YES;
				CLANG_WARN_STRICT_PROTOTYPES = YES;
				CLANG_WARN_SUSPICIOUS_MOVE = YES;
				CLANG_WARN_UNGUARDED_AVAILABILITY = YES_AGGRESSIVE;
				CLANG_WARN_UNREACHABLE_CODE = YES;
				CLANG_WARN__DUPLICATE_METHOD_MATCH = YES;
				COPY_PHASE_STRIP = NO;
				DEBUG_INFORMATION_FORMAT = "dwarf-with-dsym";
				ENABLE_NS_ASSERTIONS = NO;
				ENABLE_STRICT_OBJC_MSGSEND = YES;
				GCC_C_LANGUAGE_STANDARD = gnu11;
				GCC_NO_COMMON_BLOCKS = YES;
				GCC_WARN_64_TO_32_BIT_CONVERSION = YES;
				GCC_WARN_ABOUT_RETURN_TYPE = YES_ERROR;
				GCC_WARN_UNDECLARED_SELECTOR = YES;
				GCC_WARN_UNINITIALIZED_AUTOS = YES_AGGRESSIVE;
				GCC_WARN_UNUSED_FUNCTION = YES;
				GCC_WARN_UNUSED_VARIABLE = YES;
				IPHONEOS_DEPLOYMENT_TARGET = 16.4;
				MTL_ENABLE_DEBUG_INFO = NO;
				MTL_FAST_MATH = YES;
				SDKROOT = iphoneos;
				SWIFT_COMPILATION_MODE = wholemodule;
				SWIFT_OPTIMIZATION_LEVEL = "-O";
				VALIDATE_PRODUCT = YES;
			};
			name = Release;
		};
		1EBBF9DA2A85CC27000891DE /* Debug */ = {
			isa = XCBuildConfiguration;
			buildSettings = {
				ASSETCATALOG_COMPILER_APPICON_NAME = AppIcon;
				ASSETCATALOG_COMPILER_GLOBAL_ACCENT_COLOR_NAME = AccentColor;
				CODE_SIGN_STYLE = Automatic;
				CURRENT_PROJECT_VERSION = 1;
				DEVELOPMENT_TEAM = 589BZKMNT9;
				GENERATE_INFOPLIST_FILE = YES;
				INFOPLIST_FILE = MovieApp/Info.plist;
				INFOPLIST_KEY_UIApplicationSupportsIndirectInputEvents = YES;
				INFOPLIST_KEY_UILaunchStoryboardName = LaunchScreen;
				INFOPLIST_KEY_UISupportedInterfaceOrientations = UIInterfaceOrientationPortrait;
				INFOPLIST_KEY_UISupportedInterfaceOrientations_iPad = "UIInterfaceOrientationLandscapeLeft UIInterfaceOrientationLandscapeRight UIInterfaceOrientationPortrait UIInterfaceOrientationPortraitUpsideDown";
				IPHONEOS_DEPLOYMENT_TARGET = 13.0;
				LD_RUNPATH_SEARCH_PATHS = (
					"$(inherited)",
					"@executable_path/Frameworks",
				);
				MARKETING_VERSION = 1.0;
				PRODUCT_BUNDLE_IDENTIFIER = com.k1d.MovieApp;
				PRODUCT_NAME = "$(TARGET_NAME)";
				SUPPORTED_PLATFORMS = "iphoneos iphonesimulator";
				SUPPORTS_MACCATALYST = NO;
				SUPPORTS_MAC_DESIGNED_FOR_IPHONE_IPAD = NO;
				SWIFT_EMIT_LOC_STRINGS = YES;
				SWIFT_VERSION = 5.0;
				TARGETED_DEVICE_FAMILY = 1;
			};
			name = Debug;
		};
		1EBBF9DB2A85CC27000891DE /* Release */ = {
			isa = XCBuildConfiguration;
			buildSettings = {
				ASSETCATALOG_COMPILER_APPICON_NAME = AppIcon;
				ASSETCATALOG_COMPILER_GLOBAL_ACCENT_COLOR_NAME = AccentColor;
				CODE_SIGN_STYLE = Automatic;
				CURRENT_PROJECT_VERSION = 1;
				DEVELOPMENT_TEAM = 589BZKMNT9;
				GENERATE_INFOPLIST_FILE = YES;
				INFOPLIST_FILE = MovieApp/Info.plist;
				INFOPLIST_KEY_UIApplicationSupportsIndirectInputEvents = YES;
				INFOPLIST_KEY_UILaunchStoryboardName = LaunchScreen;
				INFOPLIST_KEY_UISupportedInterfaceOrientations = UIInterfaceOrientationPortrait;
				INFOPLIST_KEY_UISupportedInterfaceOrientations_iPad = "UIInterfaceOrientationLandscapeLeft UIInterfaceOrientationLandscapeRight UIInterfaceOrientationPortrait UIInterfaceOrientationPortraitUpsideDown";
				IPHONEOS_DEPLOYMENT_TARGET = 13.0;
				LD_RUNPATH_SEARCH_PATHS = (
					"$(inherited)",
					"@executable_path/Frameworks",
				);
				MARKETING_VERSION = 1.0;
				PRODUCT_BUNDLE_IDENTIFIER = com.k1d.MovieApp;
				PRODUCT_NAME = "$(TARGET_NAME)";
				SUPPORTED_PLATFORMS = "iphoneos iphonesimulator";
				SUPPORTS_MACCATALYST = NO;
				SUPPORTS_MAC_DESIGNED_FOR_IPHONE_IPAD = NO;
				SWIFT_EMIT_LOC_STRINGS = YES;
				SWIFT_VERSION = 5.0;
				TARGETED_DEVICE_FAMILY = 1;
			};
			name = Release;
		};
		1EBBF9DD2A85CC27000891DE /* Debug */ = {
			isa = XCBuildConfiguration;
			buildSettings = {
				ALWAYS_EMBED_SWIFT_STANDARD_LIBRARIES = YES;
				BUNDLE_LOADER = "$(TEST_HOST)";
				CODE_SIGN_STYLE = Automatic;
				CURRENT_PROJECT_VERSION = 1;
				GENERATE_INFOPLIST_FILE = YES;
				IPHONEOS_DEPLOYMENT_TARGET = 16.4;
				MARKETING_VERSION = 1.0;
				PRODUCT_BUNDLE_IDENTIFIER = com.k1d.MovieAppTests;
				PRODUCT_NAME = "$(TARGET_NAME)";
				SWIFT_EMIT_LOC_STRINGS = NO;
				SWIFT_VERSION = 5.0;
				TARGETED_DEVICE_FAMILY = "1,2";
				TEST_HOST = "$(BUILT_PRODUCTS_DIR)/MovieApp.app/$(BUNDLE_EXECUTABLE_FOLDER_PATH)/MovieApp";
			};
			name = Debug;
		};
		1EBBF9DE2A85CC27000891DE /* Release */ = {
			isa = XCBuildConfiguration;
			buildSettings = {
				ALWAYS_EMBED_SWIFT_STANDARD_LIBRARIES = YES;
				BUNDLE_LOADER = "$(TEST_HOST)";
				CODE_SIGN_STYLE = Automatic;
				CURRENT_PROJECT_VERSION = 1;
				GENERATE_INFOPLIST_FILE = YES;
				IPHONEOS_DEPLOYMENT_TARGET = 16.4;
				MARKETING_VERSION = 1.0;
				PRODUCT_BUNDLE_IDENTIFIER = com.k1d.MovieAppTests;
				PRODUCT_NAME = "$(TARGET_NAME)";
				SWIFT_EMIT_LOC_STRINGS = NO;
				SWIFT_VERSION = 5.0;
				TARGETED_DEVICE_FAMILY = "1,2";
				TEST_HOST = "$(BUILT_PRODUCTS_DIR)/MovieApp.app/$(BUNDLE_EXECUTABLE_FOLDER_PATH)/MovieApp";
			};
			name = Release;
		};
		1EBBF9E02A85CC27000891DE /* Debug */ = {
			isa = XCBuildConfiguration;
			buildSettings = {
				ALWAYS_EMBED_SWIFT_STANDARD_LIBRARIES = YES;
				CODE_SIGN_STYLE = Automatic;
				CURRENT_PROJECT_VERSION = 1;
				GENERATE_INFOPLIST_FILE = YES;
				MARKETING_VERSION = 1.0;
				PRODUCT_BUNDLE_IDENTIFIER = com.k1d.MovieAppUITests;
				PRODUCT_NAME = "$(TARGET_NAME)";
				SWIFT_EMIT_LOC_STRINGS = NO;
				SWIFT_VERSION = 5.0;
				TARGETED_DEVICE_FAMILY = "1,2";
				TEST_TARGET_NAME = MovieApp;
			};
			name = Debug;
		};
		1EBBF9E12A85CC27000891DE /* Release */ = {
			isa = XCBuildConfiguration;
			buildSettings = {
				ALWAYS_EMBED_SWIFT_STANDARD_LIBRARIES = YES;
				CODE_SIGN_STYLE = Automatic;
				CURRENT_PROJECT_VERSION = 1;
				GENERATE_INFOPLIST_FILE = YES;
				MARKETING_VERSION = 1.0;
				PRODUCT_BUNDLE_IDENTIFIER = com.k1d.MovieAppUITests;
				PRODUCT_NAME = "$(TARGET_NAME)";
				SWIFT_EMIT_LOC_STRINGS = NO;
				SWIFT_VERSION = 5.0;
				TARGETED_DEVICE_FAMILY = "1,2";
				TEST_TARGET_NAME = MovieApp;
			};
			name = Release;
		};
/* End XCBuildConfiguration section */

/* Begin XCConfigurationList section */
		1EBBF9AA2A85CC26000891DE /* Build configuration list for PBXProject "MovieApp" */ = {
			isa = XCConfigurationList;
			buildConfigurations = (
				1EBBF9D72A85CC27000891DE /* Debug */,
				1EBBF9D82A85CC27000891DE /* Release */,
			);
			defaultConfigurationIsVisible = 0;
			defaultConfigurationName = Release;
		};
		1EBBF9D92A85CC27000891DE /* Build configuration list for PBXNativeTarget "MovieApp" */ = {
			isa = XCConfigurationList;
			buildConfigurations = (
				1EBBF9DA2A85CC27000891DE /* Debug */,
				1EBBF9DB2A85CC27000891DE /* Release */,
			);
			defaultConfigurationIsVisible = 0;
			defaultConfigurationName = Release;
		};
		1EBBF9DC2A85CC27000891DE /* Build configuration list for PBXNativeTarget "MovieAppTests" */ = {
			isa = XCConfigurationList;
			buildConfigurations = (
				1EBBF9DD2A85CC27000891DE /* Debug */,
				1EBBF9DE2A85CC27000891DE /* Release */,
			);
			defaultConfigurationIsVisible = 0;
			defaultConfigurationName = Release;
		};
		1EBBF9DF2A85CC27000891DE /* Build configuration list for PBXNativeTarget "MovieAppUITests" */ = {
			isa = XCConfigurationList;
			buildConfigurations = (
				1EBBF9E02A85CC27000891DE /* Debug */,
				1EBBF9E12A85CC27000891DE /* Release */,
			);
			defaultConfigurationIsVisible = 0;
			defaultConfigurationName = Release;
		};
/* End XCConfigurationList section */

/* Begin XCRemoteSwiftPackageReference section */
		1EBAA9662A892E65006E6C11 /* XCRemoteSwiftPackageReference "youtube-ios-player-helper" */ = {
			isa = XCRemoteSwiftPackageReference;
			repositoryURL = "https://github.com/youtube/youtube-ios-player-helper.git";
			requirement = {
				kind = upToNextMajorVersion;
				minimumVersion = 1.0.0;
			};
		};
/* End XCRemoteSwiftPackageReference section */

/* Begin XCSwiftPackageProductDependency section */
		1EBAA9672A892E65006E6C11 /* YouTubeiOSPlayerHelper */ = {
			isa = XCSwiftPackageProductDependency;
			package = 1EBAA9662A892E65006E6C11 /* XCRemoteSwiftPackageReference "youtube-ios-player-helper" */;
			productName = YouTubeiOSPlayerHelper;
		};
/* End XCSwiftPackageProductDependency section */
	};
	rootObject = 1EBBF9A72A85CC26000891DE /* Project object */;
}
